
Microsoft Visual Studio Solution File, Format Version 12.00
# Visual Studio Version 16
VisualStudioVersion = 16.0.29102.190
MinimumVisualStudioVersion = 10.0.40219.1
Project("{FAE04EC0-301F-11D3-BF4B-00C04F79EFBC}") = "WINReplacer", "WINReplacer\WINReplacer.csproj", "{9FF6B84D-FF15-4DF3-BDF6-E83E1AC1A595}"
EndProject
Project("{9A19103F-16F7-4668-BE54-9A1E7A4F7556}") = "WINReplacerTests", "WINReplacerTests\WINReplacerTests.csproj", "{606A715D-E487-4314-B5EA-28A1CA6C47E3}"
EndProject
Global
	GlobalSection(SolutionConfigurationPlatforms) = preSolution
		Debug|Any CPU = Debug|Any CPU
		Release|Any CPU = Release|Any CPU
	EndGlobalSection
	GlobalSection(ProjectConfigurationPlatforms) = postSolution
		{9FF6B84D-FF15-4DF3-BDF6-E83E1AC1A595}.Debug|Any CPU.ActiveCfg = Debug|Any CPU
		{9FF6B84D-FF15-4DF3-BDF6-E83E1AC1A595}.Debug|Any CPU.Build.0 = Debug|Any CPU
		{9FF6B84D-FF15-4DF3-BDF6-E83E1AC1A595}.Release|Any CPU.ActiveCfg = Release|Any CPU
		{9FF6B84D-FF15-4DF3-BDF6-E83E1AC1A595}.Release|Any CPU.Build.0 = Release|Any CPU
		{606A715D-E487-4314-B5EA-28A1CA6C47E3}.Debug|Any CPU.ActiveCfg = Debug|Any CPU
		{606A715D-E487-4314-B5EA-28A1CA6C47E3}.Debug|Any CPU.Build.0 = Debug|Any CPU
		{606A715D-E487-4314-B5EA-28A1CA6C47E3}.Release|Any CPU.ActiveCfg = Release|Any CPU
		{606A715D-E487-4314-B5EA-28A1CA6C47E3}.Release|Any CPU.Build.0 = Release|Any CPU
	EndGlobalSection
	GlobalSection(SolutionProperties) = preSolution
		HideSolutionNode = FALSE
	EndGlobalSection
	GlobalSection(ExtensibilityGlobals) = postSolution
		SolutionGuid = {95EC1073-0C5F-4573-B05C-1723F20C30FE}
	EndGlobalSection
EndGlobal
